{
  "originHash" : "6ca1b497a72ed21e2a9eb2b71b6c27726cb816252312e8b29c89a8198a4659d1",
  "pins" : [
    {
      "identity" : "alamofire",
      "kind" : "remoteSourceControl",
      "location" : "https://gitee.com/vitock/Alamofire.git",
      "state" : {
        "revision" : "d120af1e8638c7da36c8481fd61a66c0c08dc4fc",
        "version" : "5.4.4"
      }
    },
    {
      "identity" : "appcenter-sdk-apple",
      "kind" : "remoteSourceControl",
      "location" : "https://github.com/microsoft/appcenter-sdk-apple",
      "state" : {
        "revision" : "b2dc99cfedead0bad4e6573d86c5228c89cff332",
        "version" : "4.4.3"
      }
    },
    {
      "identity" : "fmdb",
      "kind" : "remoteSourceControl",
      "location" : "https://gitee.com/vitock/fmdb",
      "state" : {
        "revision" : "61e51fde7f7aab6554f30ab061cc588b28a97d04",
        "version" : "2.7.7"
      }
    },
    {
      "identity" : "plcrashreporter",
      "kind" : "remoteSourceControl",
      "location" : "https://github.com/microsoft/PLCrashReporter.git",
      "state" : {
        "revision" : "81cdec2b3827feb03286cb297f4c501a8eb98df1",
        "version" : "1.10.2"
      }
    },
    {
      "identity" : "snapkit",
      "kind" : "remoteSourceControl",
      "location" : "https://gitee.com/vitock/SnapKit.git",
      "state" : {
        "revision" : "d458564516e5676af9c70b4f4b2a9178294f1bc6",
        "version" : "5.0.1"
      }
    }
  ],
  "version" : 3
}
